
Microsoft Visual Studio Solution File, Format Version 12.00
# Visual Studio 14
VisualStudioVersion = 14.0.25420.1
MinimumVisualStudioVersion = 10.0.40219.1
Project("{FAE04EC0-301F-11D3-BF4B-00C04F79EFBC}") = "Domain", "Domain\Domain.csproj", "{C63355CA-B7A1-4830-A508-14E17439E3F7}"
EndProject
Project("{FAE04EC0-301F-11D3-BF4B-00C04F79EFBC}") = "WebUI", "WebUI\WebUI.csproj", "{61300B01-0B91-4856-9BB5-7B2A8EA68F98}"
EndProject
Global
	GlobalSection(SolutionConfigurationPlatforms) = preSolution
		Debug|Any CPU = Debug|Any CPU
		Release|Any CPU = Release|Any CPU
	EndGlobalSection
	GlobalSection(ProjectConfigurationPlatforms) = postSolution
		{C63355CA-B7A1-4830-A508-14E17439E3F7}.Debug|Any CPU.ActiveCfg = Debug|Any CPU
		{C63355CA-B7A1-4830-A508-14E17439E3F7}.Debug|Any CPU.Build.0 = Debug|Any CPU
		{C63355CA-B7A1-4830-A508-14E17439E3F7}.Release|Any CPU.ActiveCfg = Release|Any CPU
		{C63355CA-B7A1-4830-A508-14E17439E3F7}.Release|Any CPU.Build.0 = Release|Any CPU
		{61300B01-0B91-4856-9BB5-7B2A8EA68F98}.Debug|Any CPU.ActiveCfg = Debug|Any CPU
		{61300B01-0B91-4856-9BB5-7B2A8EA68F98}.Debug|Any CPU.Build.0 = Debug|Any CPU
		{61300B01-0B91-4856-9BB5-7B2A8EA68F98}.Release|Any CPU.ActiveCfg = Release|Any CPU
		{61300B01-0B91-4856-9BB5-7B2A8EA68F98}.Release|Any CPU.Build.0 = Release|Any CPU
	EndGlobalSection
	GlobalSection(SolutionProperties) = preSolution
		HideSolutionNode = FALSE
	EndGlobalSection
EndGlobal
